
Microsoft Visual Studio Solution File, Format Version 12.00
# Visual Studio Version 17
VisualStudioVersion = 17.11.35312.102
MinimumVisualStudioVersion = 10.0.40219.1
Project("{FAE04EC0-301F-11D3-BF4B-00C04F79EFBC}") = "Merge search", "Merge search\Merge search.csproj", "{EAFA1C4E-2BCB-48CF-A4D9-E180907CCD33}"
EndProject
Global
	GlobalSection(SolutionConfigurationPlatforms) = preSolution
		Debug|Any CPU = Debug|Any CPU
		Release|Any CPU = Release|Any CPU
	EndGlobalSection
	GlobalSection(ProjectConfigurationPlatforms) = postSolution
		{EAFA1C4E-2BCB-48CF-A4D9-E180907CCD33}.Debug|Any CPU.ActiveCfg = Debug|Any CPU
		{EAFA1C4E-2BCB-48CF-A4D9-E180907CCD33}.Debug|Any CPU.Build.0 = Debug|Any CPU
		{EAFA1C4E-2BCB-48CF-A4D9-E180907CCD33}.Release|Any CPU.ActiveCfg = Release|Any CPU
		{EAFA1C4E-2BCB-48CF-A4D9-E180907CCD33}.Release|Any CPU.Build.0 = Release|Any CPU
	EndGlobalSection
	GlobalSection(SolutionProperties) = preSolution
		HideSolutionNode = FALSE
	EndGlobalSection
	GlobalSection(ExtensibilityGlobals) = postSolution
		SolutionGuid = {3DA3F3F3-42EB-4A66-8D95-E475C854332B}
	EndGlobalSection
EndGlobal
