
Microsoft Visual Studio Solution File, Format Version 12.00
# Visual Studio Version 17
VisualStudioVersion = 17.7.34024.191
MinimumVisualStudioVersion = 10.0.40219.1
Project("{FAE04EC0-301F-11D3-BF4B-00C04F79EFBC}") = "Factorial", "Factorial\Factorial.csproj", "{DA25F4B5-2C96-4E47-AA88-DA557BEB0AFF}"
EndProject
Global
	GlobalSection(SolutionConfigurationPlatforms) = preSolution
		Debug|Any CPU = Debug|Any CPU
		Release|Any CPU = Release|Any CPU
	EndGlobalSection
	GlobalSection(ProjectConfigurationPlatforms) = postSolution
		{DA25F4B5-2C96-4E47-AA88-DA557BEB0AFF}.Debug|Any CPU.ActiveCfg = Debug|Any CPU
		{DA25F4B5-2C96-4E47-AA88-DA557BEB0AFF}.Debug|Any CPU.Build.0 = Debug|Any CPU
		{DA25F4B5-2C96-4E47-AA88-DA557BEB0AFF}.Release|Any CPU.ActiveCfg = Release|Any CPU
		{DA25F4B5-2C96-4E47-AA88-DA557BEB0AFF}.Release|Any CPU.Build.0 = Release|Any CPU
	EndGlobalSection
	GlobalSection(SolutionProperties) = preSolution
		HideSolutionNode = FALSE
	EndGlobalSection
	GlobalSection(ExtensibilityGlobals) = postSolution
		SolutionGuid = {DAF6C05C-236B-4DD4-B39D-99C9F211DDA4}
	EndGlobalSection
EndGlobal
