
Microsoft Visual Studio Solution File, Format Version 12.00
# Visual Studio Version 17
VisualStudioVersion = 17.7.34024.191
MinimumVisualStudioVersion = 10.0.40219.1
Project("{FAE04EC0-301F-11D3-BF4B-00C04F79EFBC}") = "r, p, k", "r, p, k\r, p, k.csproj", "{0DE1538F-61EA-4FFE-93DA-6FAD231B5CAA}"
EndProject
Global
	GlobalSection(SolutionConfigurationPlatforms) = preSolution
		Debug|Any CPU = Debug|Any CPU
		Release|Any CPU = Release|Any CPU
	EndGlobalSection
	GlobalSection(ProjectConfigurationPlatforms) = postSolution
		{0DE1538F-61EA-4FFE-93DA-6FAD231B5CAA}.Debug|Any CPU.ActiveCfg = Debug|Any CPU
		{0DE1538F-61EA-4FFE-93DA-6FAD231B5CAA}.Debug|Any CPU.Build.0 = Debug|Any CPU
		{0DE1538F-61EA-4FFE-93DA-6FAD231B5CAA}.Release|Any CPU.ActiveCfg = Release|Any CPU
		{0DE1538F-61EA-4FFE-93DA-6FAD231B5CAA}.Release|Any CPU.Build.0 = Release|Any CPU
	EndGlobalSection
	GlobalSection(SolutionProperties) = preSolution
		HideSolutionNode = FALSE
	EndGlobalSection
	GlobalSection(ExtensibilityGlobals) = postSolution
		SolutionGuid = {A868477E-31D7-4900-9F25-7084CE59888F}
	EndGlobalSection
EndGlobal
