
Microsoft Visual Studio Solution File, Format Version 12.00
# Visual Studio Version 17
VisualStudioVersion = 17.11.35312.102
MinimumVisualStudioVersion = 10.0.40219.1
Project("{FAE04EC0-301F-11D3-BF4B-00C04F79EFBC}") = "Calculator", "Calculator\Calculator.csproj", "{4B36DE82-5EBE-416A-AB2E-9731CA3D74D3}"
EndProject
Global
	GlobalSection(SolutionConfigurationPlatforms) = preSolution
		Debug|Any CPU = Debug|Any CPU
		Release|Any CPU = Release|Any CPU
	EndGlobalSection
	GlobalSection(ProjectConfigurationPlatforms) = postSolution
		{4B36DE82-5EBE-416A-AB2E-9731CA3D74D3}.Debug|Any CPU.ActiveCfg = Debug|Any CPU
		{4B36DE82-5EBE-416A-AB2E-9731CA3D74D3}.Debug|Any CPU.Build.0 = Debug|Any CPU
		{4B36DE82-5EBE-416A-AB2E-9731CA3D74D3}.Release|Any CPU.ActiveCfg = Release|Any CPU
		{4B36DE82-5EBE-416A-AB2E-9731CA3D74D3}.Release|Any CPU.Build.0 = Release|Any CPU
	EndGlobalSection
	GlobalSection(SolutionProperties) = preSolution
		HideSolutionNode = FALSE
	EndGlobalSection
	GlobalSection(ExtensibilityGlobals) = postSolution
		SolutionGuid = {A27A16A2-6BE2-4100-B84D-29CA57DD7F83}
	EndGlobalSection
EndGlobal
