
Microsoft Visual Studio Solution File, Format Version 12.00
# Visual Studio Version 17
VisualStudioVersion = 17.7.34024.191
MinimumVisualStudioVersion = 10.0.40219.1
Project("{FAE04EC0-301F-11D3-BF4B-00C04F79EFBC}") = "Graphs", "Graphs\Graphs.csproj", "{A78F7CD3-06D2-42FA-AA07-69D8E2AC7518}"
EndProject
Global
	GlobalSection(SolutionConfigurationPlatforms) = preSolution
		Debug|Any CPU = Debug|Any CPU
		Release|Any CPU = Release|Any CPU
	EndGlobalSection
	GlobalSection(ProjectConfigurationPlatforms) = postSolution
		{A78F7CD3-06D2-42FA-AA07-69D8E2AC7518}.Debug|Any CPU.ActiveCfg = Debug|Any CPU
		{A78F7CD3-06D2-42FA-AA07-69D8E2AC7518}.Debug|Any CPU.Build.0 = Debug|Any CPU
		{A78F7CD3-06D2-42FA-AA07-69D8E2AC7518}.Release|Any CPU.ActiveCfg = Release|Any CPU
		{A78F7CD3-06D2-42FA-AA07-69D8E2AC7518}.Release|Any CPU.Build.0 = Release|Any CPU
	EndGlobalSection
	GlobalSection(SolutionProperties) = preSolution
		HideSolutionNode = FALSE
	EndGlobalSection
	GlobalSection(ExtensibilityGlobals) = postSolution
		SolutionGuid = {FCBE1138-4F60-4778-AE83-DF6CDD729CE3}
	EndGlobalSection
EndGlobal
